
Microsoft Visual Studio Solution File, Format Version 12.00
# Visual Studio Version 17
VisualStudioVersion = 17.7.34003.232
MinimumVisualStudioVersion = 10.0.40219.1
Project("{9A19103F-16F7-4668-BE54-9A1E7A4F7556}") = "HotelManagement.Web", "HotelManagement.Web\HotelManagement.Web.csproj", "{CD356C76-59D7-4F7D-8710-2536A7B40E5A}"
EndProject
Project("{9A19103F-16F7-4668-BE54-9A1E7A4F7556}") = "HotelManagement.Entities", "HotelManagement.Entities\HotelManagement.Entities.csproj", "{96602FB3-0678-4B79-A072-EC364ADD2C1E}"
EndProject
Project("{9A19103F-16F7-4668-BE54-9A1E7A4F7556}") = "HotelManagement.Operations", "HotelManagement.Operations\HotelManagement.Operations.csproj", "{0FC8A0CE-1886-4C54-A890-D111DAA5C626}"
EndProject
Project("{2150E333-8FDC-42A3-9474-1A3956D46DE8}") = "Tests", "Tests", "{885D4F3F-E95D-4579-8A09-9BA280364FCA}"
EndProject
Project("{FAE04EC0-301F-11D3-BF4B-00C04F79EFBC}") = "HotelManagement.Operations.Tests", "HotelManagement.Operations.Tests\HotelManagement.Operations.Tests.csproj", "{C40F7F08-4811-471F-B324-1DA68F8BE98D}"
EndProject
Project("{FAE04EC0-301F-11D3-BF4B-00C04F79EFBC}") = "HotelManagement.Tests.Common", "HotelManagement.Tests.Common\HotelManagement.Tests.Common.csproj", "{A69429FB-CB87-40F8-9181-6E78A20869A3}"
EndProject
Global
	GlobalSection(SolutionConfigurationPlatforms) = preSolution
		Debug|Any CPU = Debug|Any CPU
		Release|Any CPU = Release|Any CPU
	EndGlobalSection
	GlobalSection(ProjectConfigurationPlatforms) = postSolution
		{CD356C76-59D7-4F7D-8710-2536A7B40E5A}.Debug|Any CPU.ActiveCfg = Debug|Any CPU
		{CD356C76-59D7-4F7D-8710-2536A7B40E5A}.Debug|Any CPU.Build.0 = Debug|Any CPU
		{CD356C76-59D7-4F7D-8710-2536A7B40E5A}.Release|Any CPU.ActiveCfg = Release|Any CPU
		{CD356C76-59D7-4F7D-8710-2536A7B40E5A}.Release|Any CPU.Build.0 = Release|Any CPU
		{96602FB3-0678-4B79-A072-EC364ADD2C1E}.Debug|Any CPU.ActiveCfg = Debug|Any CPU
		{96602FB3-0678-4B79-A072-EC364ADD2C1E}.Debug|Any CPU.Build.0 = Debug|Any CPU
		{96602FB3-0678-4B79-A072-EC364ADD2C1E}.Release|Any CPU.ActiveCfg = Release|Any CPU
		{96602FB3-0678-4B79-A072-EC364ADD2C1E}.Release|Any CPU.Build.0 = Release|Any CPU
		{0FC8A0CE-1886-4C54-A890-D111DAA5C626}.Debug|Any CPU.ActiveCfg = Debug|Any CPU
		{0FC8A0CE-1886-4C54-A890-D111DAA5C626}.Debug|Any CPU.Build.0 = Debug|Any CPU
		{0FC8A0CE-1886-4C54-A890-D111DAA5C626}.Release|Any CPU.ActiveCfg = Release|Any CPU
		{0FC8A0CE-1886-4C54-A890-D111DAA5C626}.Release|Any CPU.Build.0 = Release|Any CPU
		{C40F7F08-4811-471F-B324-1DA68F8BE98D}.Debug|Any CPU.ActiveCfg = Debug|Any CPU
		{C40F7F08-4811-471F-B324-1DA68F8BE98D}.Debug|Any CPU.Build.0 = Debug|Any CPU
		{C40F7F08-4811-471F-B324-1DA68F8BE98D}.Release|Any CPU.ActiveCfg = Release|Any CPU
		{C40F7F08-4811-471F-B324-1DA68F8BE98D}.Release|Any CPU.Build.0 = Release|Any CPU
		{A69429FB-CB87-40F8-9181-6E78A20869A3}.Debug|Any CPU.ActiveCfg = Debug|Any CPU
		{A69429FB-CB87-40F8-9181-6E78A20869A3}.Debug|Any CPU.Build.0 = Debug|Any CPU
		{A69429FB-CB87-40F8-9181-6E78A20869A3}.Release|Any CPU.ActiveCfg = Release|Any CPU
		{A69429FB-CB87-40F8-9181-6E78A20869A3}.Release|Any CPU.Build.0 = Release|Any CPU
	EndGlobalSection
	GlobalSection(SolutionProperties) = preSolution
		HideSolutionNode = FALSE
	EndGlobalSection
	GlobalSection(NestedProjects) = preSolution
		{C40F7F08-4811-471F-B324-1DA68F8BE98D} = {885D4F3F-E95D-4579-8A09-9BA280364FCA}
		{A69429FB-CB87-40F8-9181-6E78A20869A3} = {885D4F3F-E95D-4579-8A09-9BA280364FCA}
	EndGlobalSection
	GlobalSection(ExtensibilityGlobals) = postSolution
		SolutionGuid = {4CDB49D0-D303-4284-9B79-D492E3E2275E}
	EndGlobalSection
EndGlobal
